
Microsoft Visual Studio Solution File, Format Version 12.00
# Visual Studio 15
VisualStudioVersion = 15.0.26403.7
MinimumVisualStudioVersion = 10.0.40219.1
Project("{FAE04EC0-301F-11D3-BF4B-00C04F79EFBC}") = "SuperVigilanciaNegocio", "SuperVigilanciaNegocio\SuperVigilanciaNegocio.csproj", "{B95D157B-E5F2-46F1-978C-7343F1BF3D51}"
EndProject
Global
	GlobalSection(SolutionConfigurationPlatforms) = preSolution
		Debug|Any CPU = Debug|Any CPU
		Release|Any CPU = Release|Any CPU
	EndGlobalSection
	GlobalSection(ProjectConfigurationPlatforms) = postSolution
		{B95D157B-E5F2-46F1-978C-7343F1BF3D51}.Debug|Any CPU.ActiveCfg = Debug|Any CPU
		{B95D157B-E5F2-46F1-978C-7343F1BF3D51}.Debug|Any CPU.Build.0 = Debug|Any CPU
		{B95D157B-E5F2-46F1-978C-7343F1BF3D51}.Release|Any CPU.ActiveCfg = Release|Any CPU
		{B95D157B-E5F2-46F1-978C-7343F1BF3D51}.Release|Any CPU.Build.0 = Release|Any CPU
	EndGlobalSection
	GlobalSection(SolutionProperties) = preSolution
		HideSolutionNode = FALSE
	EndGlobalSection
EndGlobal
